// !$*UTF8*$!
{
	archiveVersion = 1;
	classes = {
	};
	objectVersion = 55;
	objects = {

/* Begin PBXBuildFile section */
		4C0CDE6527B4288F0084CEE8 /* AdicionarItensViewController.swift in Sources */ = {isa = PBXBuildFile; fileRef = 4C0CDE6327B4288F0084CEE8 /* AdicionarItensViewController.swift */; };
		4C0CDE6627B4288F0084CEE8 /* AdicionarItensViewController.xib in Resources */ = {isa = PBXBuildFile; fileRef = 4C0CDE6427B4288F0084CEE8 /* AdicionarItensViewController.xib */; };
		4C0D2C7A27B1ACD400DCE843 /* Refeicao.swift in Sources */ = {isa = PBXBuildFile; fileRef = 4C0D2C7927B1ACD400DCE843 /* Refeicao.swift */; };
		4C0D2C7C27B1AD2E00DCE843 /* Item.swift in Sources */ = {isa = PBXBuildFile; fileRef = 4C0D2C7B27B1AD2E00DCE843 /* Item.swift */; };
		4C13FAD927B29C2A00A7B68F /* RefeicoesTableViewController.swift in Sources */ = {isa = PBXBuildFile; fileRef = 4C13FAD827B29C2A00A7B68F /* RefeicoesTableViewController.swift */; };
		4C4C217127AC69A600B61759 /* AppDelegate.swift in Sources */ = {isa = PBXBuildFile; fileRef = 4C4C217027AC69A600B61759 /* AppDelegate.swift */; };
		4C4C217327AC69A600B61759 /* SceneDelegate.swift in Sources */ = {isa = PBXBuildFile; fileRef = 4C4C217227AC69A600B61759 /* SceneDelegate.swift */; };
		4C4C217527AC69A600B61759 /* ViewController.swift in Sources */ = {isa = PBXBuildFile; fileRef = 4C4C217427AC69A600B61759 /* ViewController.swift */; };
		4C4C217827AC69A600B61759 /* Main.storyboard in Resources */ = {isa = PBXBuildFile; fileRef = 4C4C217627AC69A600B61759 /* Main.storyboard */; };
		4C4C217A27AC69A600B61759 /* Assets.xcassets in Resources */ = {isa = PBXBuildFile; fileRef = 4C4C217927AC69A600B61759 /* Assets.xcassets */; };
		4C4C217D27AC69A600B61759 /* LaunchScreen.storyboard in Resources */ = {isa = PBXBuildFile; fileRef = 4C4C217B27AC69A600B61759 /* LaunchScreen.storyboard */; };
		4C6E184627B52FA2000A2A8B /* Alerta.swift in Sources */ = {isa = PBXBuildFile; fileRef = 4C6E184527B52FA2000A2A8B /* Alerta.swift */; };
		4C6E184827B544E2000A2A8B /* RemoveRefeicaoViewController.swift in Sources */ = {isa = PBXBuildFile; fileRef = 4C6E184727B544E2000A2A8B /* RemoveRefeicaoViewController.swift */; };
		4C71CC1A27BC1D7C00617785 /* RefeicaoDao.swift in Sources */ = {isa = PBXBuildFile; fileRef = 4C71CC1927BC1D7C00617785 /* RefeicaoDao.swift */; };
		4C71CC1C27BC245C00617785 /* ItemDao.swift in Sources */ = {isa = PBXBuildFile; fileRef = 4C71CC1B27BC245C00617785 /* ItemDao.swift */; };
/* End PBXBuildFile section */

/* Begin PBXFileReference section */
		4C0CDE6327B4288F0084CEE8 /* AdicionarItensViewController.swift */ = {isa = PBXFileReference; lastKnownFileType = sourcecode.swift; path = AdicionarItensViewController.swift; sourceTree = "<group>"; };
		4C0CDE6427B4288F0084CEE8 /* AdicionarItensViewController.xib */ = {isa = PBXFileReference; lastKnownFileType = file.xib; path = AdicionarItensViewController.xib; sourceTree = "<group>"; };
		4C0D2C7927B1ACD400DCE843 /* Refeicao.swift */ = {isa = PBXFileReference; lastKnownFileType = sourcecode.swift; path = Refeicao.swift; sourceTree = "<group>"; };
		4C0D2C7B27B1AD2E00DCE843 /* Item.swift */ = {isa = PBXFileReference; lastKnownFileType = sourcecode.swift; path = Item.swift; sourceTree = "<group>"; };
		4C13FAD827B29C2A00A7B68F /* RefeicoesTableViewController.swift */ = {isa = PBXFileReference; lastKnownFileType = sourcecode.swift; path = RefeicoesTableViewController.swift; sourceTree = "<group>"; };
		4C4C216D27AC69A600B61759 /* eggplant-brownie.app */ = {isa = PBXFileReference; explicitFileType = wrapper.application; includeInIndex = 0; path = "eggplant-brownie.app"; sourceTree = BUILT_PRODUCTS_DIR; };
		4C4C217027AC69A600B61759 /* AppDelegate.swift */ = {isa = PBXFileReference; lastKnownFileType = sourcecode.swift; path = AppDelegate.swift; sourceTree = "<group>"; };
		4C4C217227AC69A600B61759 /* SceneDelegate.swift */ = {isa = PBXFileReference; lastKnownFileType = sourcecode.swift; path = SceneDelegate.swift; sourceTree = "<group>"; };
		4C4C217427AC69A600B61759 /* ViewController.swift */ = {isa = PBXFileReference; lastKnownFileType = sourcecode.swift; path = ViewController.swift; sourceTree = "<group>"; };
		4C4C217727AC69A600B61759 /* Base */ = {isa = PBXFileReference; lastKnownFileType = file.storyboard; name = Base; path = Base.lproj/Main.storyboard; sourceTree = "<group>"; };
		4C4C217927AC69A600B61759 /* Assets.xcassets */ = {isa = PBXFileReference; lastKnownFileType = folder.assetcatalog; path = Assets.xcassets; sourceTree = "<group>"; };
		4C4C217C27AC69A600B61759 /* Base */ = {isa = PBXFileReference; lastKnownFileType = file.storyboard; name = Base; path = Base.lproj/LaunchScreen.storyboard; sourceTree = "<group>"; };
		4C4C217E27AC69A600B61759 /* Info.plist */ = {isa = PBXFileReference; lastKnownFileType = text.plist.xml; path = Info.plist; sourceTree = "<group>"; };
		4C6E184527B52FA2000A2A8B /* Alerta.swift */ = {isa = PBXFileReference; lastKnownFileType = sourcecode.swift; path = Alerta.swift; sourceTree = "<group>"; };
		4C6E184727B544E2000A2A8B /* RemoveRefeicaoViewController.swift */ = {isa = PBXFileReference; lastKnownFileType = sourcecode.swift; path = RemoveRefeicaoViewController.swift; sourceTree = "<group>"; };
		4C71CC1927BC1D7C00617785 /* RefeicaoDao.swift */ = {isa = PBXFileReference; lastKnownFileType = sourcecode.swift; path = RefeicaoDao.swift; sourceTree = "<group>"; };
		4C71CC1B27BC245C00617785 /* ItemDao.swift */ = {isa = PBXFileReference; lastKnownFileType = sourcecode.swift; path = ItemDao.swift; sourceTree = "<group>"; };
/* End PBXFileReference section */

/* Begin PBXFrameworksBuildPhase section */
		4C4C216A27AC69A600B61759 /* Frameworks */ = {
			isa = PBXFrameworksBuildPhase;
			buildActionMask = 2147483647;
			files = (
			);
			runOnlyForDeploymentPostprocessing = 0;
		};
/* End PBXFrameworksBuildPhase section */

/* Begin PBXGroup section */
		4C0D2C7D27B1ADEB00DCE843 /* Models */ = {
			isa = PBXGroup;
			children = (
				4C0D2C7B27B1AD2E00DCE843 /* Item.swift */,
				4C0D2C7927B1ACD400DCE843 /* Refeicao.swift */,
				4C6E184527B52FA2000A2A8B /* Alerta.swift */,
				4C71CC1927BC1D7C00617785 /* RefeicaoDao.swift */,
				4C71CC1B27BC245C00617785 /* ItemDao.swift */,
			);
			path = Models;
			sourceTree = "<group>";
		};
		4C0D2C7F27B1AE4200DCE843 /* Views */ = {
			isa = PBXGroup;
			children = (
				4C4C217627AC69A600B61759 /* Main.storyboard */,
				4C0CDE6427B4288F0084CEE8 /* AdicionarItensViewController.xib */,
			);
			path = Views;
			sourceTree = "<group>";
		};
		4C13FAD727B29BDA00A7B68F /* Controllers */ = {
			isa = PBXGroup;
			children = (
				4C0CDE6327B4288F0084CEE8 /* AdicionarItensViewController.swift */,
				4C4C217427AC69A600B61759 /* ViewController.swift */,
				4C13FAD827B29C2A00A7B68F /* RefeicoesTableViewController.swift */,
				4C6E184727B544E2000A2A8B /* RemoveRefeicaoViewController.swift */,
			);
			path = Controllers;
			sourceTree = "<group>";
		};
		4C4C216427AC69A600B61759 = {
			isa = PBXGroup;
			children = (
				4C4C216F27AC69A600B61759 /* eggplant-brownie */,
				4C4C216E27AC69A600B61759 /* Products */,
			);
			sourceTree = "<group>";
		};
		4C4C216E27AC69A600B61759 /* Products */ = {
			isa = PBXGroup;
			children = (
				4C4C216D27AC69A600B61759 /* eggplant-brownie.app */,
			);
			name = Products;
			sourceTree = "<group>";
		};
		4C4C216F27AC69A600B61759 /* eggplant-brownie */ = {
			isa = PBXGroup;
			children = (
				4C0D2C7D27B1ADEB00DCE843 /* Models */,
				4C0D2C7F27B1AE4200DCE843 /* Views */,
				4C13FAD727B29BDA00A7B68F /* Controllers */,
				4C4C217027AC69A600B61759 /* AppDelegate.swift */,
				4C4C217227AC69A600B61759 /* SceneDelegate.swift */,
				4C4C217927AC69A600B61759 /* Assets.xcassets */,
				4C4C217B27AC69A600B61759 /* LaunchScreen.storyboard */,
				4C4C217E27AC69A600B61759 /* Info.plist */,
			);
			path = "eggplant-brownie";
			sourceTree = "<group>";
		};
/* End PBXGroup section */

/* Begin PBXNativeTarget section */
		4C4C216C27AC69A600B61759 /* eggplant-brownie */ = {
			isa = PBXNativeTarget;
			buildConfigurationList = 4C4C218127AC69A600B61759 /* Build configuration list for PBXNativeTarget "eggplant-brownie" */;
			buildPhases = (
				4C4C216927AC69A600B61759 /* Sources */,
				4C4C216A27AC69A600B61759 /* Frameworks */,
				4C4C216B27AC69A600B61759 /* Resources */,
			);
			buildRules = (
			);
			dependencies = (
			);
			name = "eggplant-brownie";
			productName = "eggplant-brownie";
			productReference = 4C4C216D27AC69A600B61759 /* eggplant-brownie.app */;
			productType = "com.apple.product-type.application";
		};
/* End PBXNativeTarget section */

/* Begin PBXProject section */
		4C4C216527AC69A600B61759 /* Project object */ = {
			isa = PBXProject;
			attributes = {
				BuildIndependentTargetsInParallel = 1;
				LastSwiftUpdateCheck = 1320;
				LastUpgradeCheck = 1320;
				TargetAttributes = {
					4C4C216C27AC69A600B61759 = {
						CreatedOnToolsVersion = 13.2.1;
					};
				};
			};
			buildConfigurationList = 4C4C216827AC69A600B61759 /* Build configuration list for PBXProject "eggplant-brownie" */;
			compatibilityVersion = "Xcode 13.0";
			developmentRegion = en;
			hasScannedForEncodings = 0;
			knownRegions = (
				en,
				Base,
			);
			mainGroup = 4C4C216427AC69A600B61759;
			productRefGroup = 4C4C216E27AC69A600B61759 /* Products */;
			projectDirPath = "";
			projectRoot = "";
			targets = (
				4C4C216C27AC69A600B61759 /* eggplant-brownie */,
			);
		};
/* End PBXProject section */

/* Begin PBXResourcesBuildPhase section */
		4C4C216B27AC69A600B61759 /* Resources */ = {
			isa = PBXResourcesBuildPhase;
			buildActionMask = 2147483647;
			files = (
				4C4C217D27AC69A600B61759 /* LaunchScreen.storyboard in Resources */,
				4C4C217A27AC69A600B61759 /* Assets.xcassets in Resources */,
				4C0CDE6627B4288F0084CEE8 /* AdicionarItensViewController.xib in Resources */,
				4C4C217827AC69A600B61759 /* Main.storyboard in Resources */,
			);
			runOnlyForDeploymentPostprocessing = 0;
		};
/* End PBXResourcesBuildPhase section */

/* Begin PBXSourcesBuildPhase section */
		4C4C216927AC69A600B61759 /* Sources */ = {
			isa = PBXSourcesBuildPhase;
			buildActionMask = 2147483647;
			files = (
				4C6E184627B52FA2000A2A8B /* Alerta.swift in Sources */,
				4C0D2C7C27B1AD2E00DCE843 /* Item.swift in Sources */,
				4C4C217527AC69A600B61759 /* ViewController.swift in Sources */,
				4C6E184827B544E2000A2A8B /* RemoveRefeicaoViewController.swift in Sources */,
				4C71CC1C27BC245C00617785 /* ItemDao.swift in Sources */,
				4C71CC1A27BC1D7C00617785 /* RefeicaoDao.swift in Sources */,
				4C0CDE6527B4288F0084CEE8 /* AdicionarItensViewController.swift in Sources */,
				4C4C217127AC69A600B61759 /* AppDelegate.swift in Sources */,
				4C13FAD927B29C2A00A7B68F /* RefeicoesTableViewController.swift in Sources */,
				4C4C217327AC69A600B61759 /* SceneDelegate.swift in Sources */,
				4C0D2C7A27B1ACD400DCE843 /* Refeicao.swift in Sources */,
			);
			runOnlyForDeploymentPostprocessing = 0;
		};
/* End PBXSourcesBuildPhase section */

/* Begin PBXVariantGroup section */
		4C4C217627AC69A600B61759 /* Main.storyboard */ = {
			isa = PBXVariantGroup;
			children = (
				4C4C217727AC69A600B61759 /* Base */,
			);
			name = Main.storyboard;
			sourceTree = "<group>";
		};
		4C4C217B27AC69A600B61759 /* LaunchScreen.storyboard */ = {
			isa = PBXVariantGroup;
			children = (
				4C4C217C27AC69A600B61759 /* Base */,
			);
			name = LaunchScreen.storyboard;
			sourceTree = "<group>";
		};
/* End PBXVariantGroup section */

/* Begin XCBuildConfiguration section */
		4C4C217F27AC69A600B61759 /* Debug */ = {
			isa = XCBuildConfiguration;
			buildSettings = {
				ALWAYS_SEARCH_USER_PATHS = NO;
				CLANG_ANALYZER_NONNULL = YES;
				CLANG_ANALYZER_NUMBER_OBJECT_CONVERSION = YES_AGGRESSIVE;
				CLANG_CXX_LANGUAGE_STANDARD = "gnu++17";
				CLANG_CXX_LIBRARY = "libc++";
				CLANG_ENABLE_MODULES = YES;
				CLANG_ENABLE_OBJC_ARC = YES;
				CLANG_ENABLE_OBJC_WEAK = YES;
				CLANG_WARN_BLOCK_CAPTURE_AUTORELEASING = YES;
				CLANG_WARN_BOOL_CONVERSION = YES;
				CLANG_WARN_COMMA = YES;
				CLANG_WARN_CONSTANT_CONVERSION = YES;
				CLANG_WARN_DEPRECATED_OBJC_IMPLEMENTATIONS = YES;
				CLANG_WARN_DIRECT_OBJC_ISA_USAGE = YES_ERROR;
				CLANG_WARN_DOCUMENTATION_COMMENTS = YES;
				CLANG_WARN_EMPTY_BODY = YES;
				CLANG_WARN_ENUM_CONVERSION = YES;
				CLANG_WARN_INFINITE_RECURSION = YES;
				CLANG_WARN_INT_CONVERSION = YES;
				CLANG_WARN_NON_LITERAL_NULL_CONVERSION = YES;
				CLANG_WARN_OBJC_IMPLICIT_RETAIN_SELF = YES;
				CLANG_WARN_OBJC_LITERAL_CONVERSION = YES;
				CLANG_WARN_OBJC_ROOT_CLASS = YES_ERROR;
				CLANG_WARN_QUOTED_INCLUDE_IN_FRAMEWORK_HEADER = YES;
				CLANG_WARN_RANGE_LOOP_ANALYSIS = YES;
				CLANG_WARN_STRICT_PROTOTYPES = YES;
				CLANG_WARN_SUSPICIOUS_MOVE = YES;
				CLANG_WARN_UNGUARDED_AVAILABILITY = YES_AGGRESSIVE;
				CLANG_WARN_UNREACHABLE_CODE = YES;
				CLANG_WARN__DUPLICATE_METHOD_MATCH = YES;
				COPY_PHASE_STRIP = NO;
				DEBUG_INFORMATION_FORMAT = dwarf;
				ENABLE_STRICT_OBJC_MSGSEND = YES;
				ENABLE_TESTABILITY = YES;
				GCC_C_LANGUAGE_STANDARD = gnu11;
				GCC_DYNAMIC_NO_PIC = NO;
				GCC_NO_COMMON_BLOCKS = YES;
				GCC_OPTIMIZATION_LEVEL = 0;
				GCC_PREPROCESSOR_DEFINITIONS = (
					"DEBUG=1",
					"$(inherited)",
				);
				GCC_WARN_64_TO_32_BIT_CONVERSION = YES;
				GCC_WARN_ABOUT_RETURN_TYPE = YES_ERROR;
				GCC_WARN_UNDECLARED_SELECTOR = YES;
				GCC_WARN_UNINITIALIZED_AUTOS = YES_AGGRESSIVE;
				GCC_WARN_UNUSED_FUNCTION = YES;
				GCC_WARN_UNUSED_VARIABLE = YES;
				IPHONEOS_DEPLOYMENT_TARGET = 15.2;
				MTL_ENABLE_DEBUG_INFO = INCLUDE_SOURCE;
				MTL_FAST_MATH = YES;
				ONLY_ACTIVE_ARCH = YES;
				SDKROOT = iphoneos;
				SWIFT_ACTIVE_COMPILATION_CONDITIONS = DEBUG;
				SWIFT_OPTIMIZATION_LEVEL = "-Onone";
			};
			name = Debug;
		};
		4C4C218027AC69A600B61759 /* Release */ = {
			isa = XCBuildConfiguration;
			buildSettings = {
				ALWAYS_SEARCH_USER_PATHS = NO;
				CLANG_ANALYZER_NONNULL = YES;
				CLANG_ANALYZER_NUMBER_OBJECT_CONVERSION = YES_AGGRESSIVE;
				CLANG_CXX_LANGUAGE_STANDARD = "gnu++17";
				CLANG_CXX_LIBRARY = "libc++";
				CLANG_ENABLE_MODULES = YES;
				CLANG_ENABLE_OBJC_ARC = YES;
				CLANG_ENABLE_OBJC_WEAK = YES;
				CLANG_WARN_BLOCK_CAPTURE_AUTORELEASING = YES;
				CLANG_WARN_BOOL_CONVERSION = YES;
				CLANG_WARN_COMMA = YES;
				CLANG_WARN_CONSTANT_CONVERSION = YES;
				CLANG_WARN_DEPRECATED_OBJC_IMPLEMENTATIONS = YES;
				CLANG_WARN_DIRECT_OBJC_ISA_USAGE = YES_ERROR;
				CLANG_WARN_DOCUMENTATION_COMMENTS = YES;
				CLANG_WARN_EMPTY_BODY = YES;
				CLANG_WARN_ENUM_CONVERSION = YES;
				CLANG_WARN_INFINITE_RECURSION = YES;
				CLANG_WARN_INT_CONVERSION = YES;
				CLANG_WARN_NON_LITERAL_NULL_CONVERSION = YES;
				CLANG_WARN_OBJC_IMPLICIT_RETAIN_SELF = YES;
				CLANG_WARN_OBJC_LITERAL_CONVERSION = YES;
				CLANG_WARN_OBJC_ROOT_CLASS = YES_ERROR;
				CLANG_WARN_QUOTED_INCLUDE_IN_FRAMEWORK_HEADER = YES;
				CLANG_WARN_RANGE_LOOP_ANALYSIS = YES;
				CLANG_WARN_STRICT_PROTOTYPES = YES;
				CLANG_WARN_SUSPICIOUS_MOVE = YES;
				CLANG_WARN_UNGUARDED_AVAILABILITY = YES_AGGRESSIVE;
				CLANG_WARN_UNREACHABLE_CODE = YES;
				CLANG_WARN__DUPLICATE_METHOD_MATCH = YES;
				COPY_PHASE_STRIP = NO;
				DEBUG_INFORMATION_FORMAT = "dwarf-with-dsym";
				ENABLE_NS_ASSERTIONS = NO;
				ENABLE_STRICT_OBJC_MSGSEND = YES;
				GCC_C_LANGUAGE_STANDARD = gnu11;
				GCC_NO_COMMON_BLOCKS = YES;
				GCC_WARN_64_TO_32_BIT_CONVERSION = YES;
				GCC_WARN_ABOUT_RETURN_TYPE = YES_ERROR;
				GCC_WARN_UNDECLARED_SELECTOR = YES;
				GCC_WARN_UNINITIALIZED_AUTOS = YES_AGGRESSIVE;
				GCC_WARN_UNUSED_FUNCTION = YES;
				GCC_WARN_UNUSED_VARIABLE = YES;
				IPHONEOS_DEPLOYMENT_TARGET = 15.2;
				MTL_ENABLE_DEBUG_INFO = NO;
				MTL_FAST_MATH = YES;
				SDKROOT = iphoneos;
				SWIFT_COMPILATION_MODE = wholemodule;
				SWIFT_OPTIMIZATION_LEVEL = "-O";
				VALIDATE_PRODUCT = YES;
			};
			name = Release;
		};
		4C4C218227AC69A600B61759 /* Debug */ = {
			isa = XCBuildConfiguration;
			buildSettings = {
				ASSETCATALOG_COMPILER_APPICON_NAME = AppIcon;
				ASSETCATALOG_COMPILER_GLOBAL_ACCENT_COLOR_NAME = AccentColor;
				CODE_SIGN_STYLE = Automatic;
				CURRENT_PROJECT_VERSION = 1;
				DEVELOPMENT_TEAM = 7NMU3M6S29;
				GENERATE_INFOPLIST_FILE = YES;
				INFOPLIST_FILE = "eggplant-brownie/Info.plist";
				INFOPLIST_KEY_UIApplicationSupportsIndirectInputEvents = YES;
				INFOPLIST_KEY_UILaunchStoryboardName = LaunchScreen;
				INFOPLIST_KEY_UIMainStoryboardFile = Main;
				INFOPLIST_KEY_UISupportedInterfaceOrientations_iPad = "UIInterfaceOrientationPortrait UIInterfaceOrientationPortraitUpsideDown UIInterfaceOrientationLandscapeLeft UIInterfaceOrientationLandscapeRight";
				INFOPLIST_KEY_UISupportedInterfaceOrientations_iPhone = "UIInterfaceOrientationPortrait UIInterfaceOrientationLandscapeLeft UIInterfaceOrientationLandscapeRight";
				LD_RUNPATH_SEARCH_PATHS = (
					"$(inherited)",
					"@executable_path/Frameworks",
				);
				MARKETING_VERSION = 1.0;
				PRODUCT_BUNDLE_IDENTIFIER = "br.com.maria.eggplant-brownie";
				PRODUCT_NAME = "$(TARGET_NAME)";
				SWIFT_EMIT_LOC_STRINGS = YES;
				SWIFT_VERSION = 5.0;
				TARGETED_DEVICE_FAMILY = "1,2";
			};
			name = Debug;
		};
		4C4C218327AC69A600B61759 /* Release */ = {
			isa = XCBuildConfiguration;
			buildSettings = {
				ASSETCATALOG_COMPILER_APPICON_NAME = AppIcon;
				ASSETCATALOG_COMPILER_GLOBAL_ACCENT_COLOR_NAME = AccentColor;
				CODE_SIGN_STYLE = Automatic;
				CURRENT_PROJECT_VERSION = 1;
				DEVELOPMENT_TEAM = 7NMU3M6S29;
				GENERATE_INFOPLIST_FILE = YES;
				INFOPLIST_FILE = "eggplant-brownie/Info.plist";
				INFOPLIST_KEY_UIApplicationSupportsIndirectInputEvents = YES;
				INFOPLIST_KEY_UILaunchStoryboardName = LaunchScreen;
				INFOPLIST_KEY_UIMainStoryboardFile = Main;
				INFOPLIST_KEY_UISupportedInterfaceOrientations_iPad = "UIInterfaceOrientationPortrait UIInterfaceOrientationPortraitUpsideDown UIInterfaceOrientationLandscapeLeft UIInterfaceOrientationLandscapeRight";
				INFOPLIST_KEY_UISupportedInterfaceOrientations_iPhone = "UIInterfaceOrientationPortrait UIInterfaceOrientationLandscapeLeft UIInterfaceOrientationLandscapeRight";
				LD_RUNPATH_SEARCH_PATHS = (
					"$(inherited)",
					"@executable_path/Frameworks",
				);
				MARKETING_VERSION = 1.0;
				PRODUCT_BUNDLE_IDENTIFIER = "br.com.maria.eggplant-brownie";
				PRODUCT_NAME = "$(TARGET_NAME)";
				SWIFT_EMIT_LOC_STRINGS = YES;
				SWIFT_VERSION = 5.0;
				TARGETED_DEVICE_FAMILY = "1,2";
			};
			name = Release;
		};
/* End XCBuildConfiguration section */

/* Begin XCConfigurationList section */
		4C4C216827AC69A600B61759 /* Build configuration list for PBXProject "eggplant-brownie" */ = {
			isa = XCConfigurationList;
			buildConfigurations = (
				4C4C217F27AC69A600B61759 /* Debug */,
				4C4C218027AC69A600B61759 /* Release */,
			);
			defaultConfigurationIsVisible = 0;
			defaultConfigurationName = Release;
		};
		4C4C218127AC69A600B61759 /* Build configuration list for PBXNativeTarget "eggplant-brownie" */ = {
			isa = XCConfigurationList;
			buildConfigurations = (
				4C4C218227AC69A600B61759 /* Debug */,
				4C4C218327AC69A600B61759 /* Release */,
			);
			defaultConfigurationIsVisible = 0;
			defaultConfigurationName = Release;
		};
/* End XCConfigurationList section */
	};
	rootObject = 4C4C216527AC69A600B61759 /* Project object */;
}
